// !$*UTF8*$!
{
	archiveVersion = 1;
	classes = {
	};
	objectVersion = 55;
	objects = {

/* Begin PBXBuildFile section */
		0492976928C3871B00C48D16 /* AppDelegate.swift in Sources */ = {isa = PBXBuildFile; fileRef = 0492976828C3871B00C48D16 /* AppDelegate.swift */; };
		0492976B28C3871B00C48D16 /* SceneDelegate.swift in Sources */ = {isa = PBXBuildFile; fileRef = 0492976A28C3871B00C48D16 /* SceneDelegate.swift */; };
		0492976D28C3871B00C48D16 /* ViewController.swift in Sources */ = {isa = PBXBuildFile; fileRef = 0492976C28C3871B00C48D16 /* ViewController.swift */; };
		0492977028C3871B00C48D16 /* Main.storyboard in Resources */ = {isa = PBXBuildFile; fileRef = 0492976E28C3871B00C48D16 /* Main.storyboard */; };
		0492977228C3871F00C48D16 /* Assets.xcassets in Resources */ = {isa = PBXBuildFile; fileRef = 0492977128C3871F00C48D16 /* Assets.xcassets */; };
		0492977528C3871F00C48D16 /* LaunchScreen.storyboard in Resources */ = {isa = PBXBuildFile; fileRef = 0492977328C3871F00C48D16 /* LaunchScreen.storyboard */; };
		04C7666F28C395DD004D368B /* QuestionViewContoller.swift in Sources */ = {isa = PBXBuildFile; fileRef = 04C7666E28C395DD004D368B /* QuestionViewContoller.swift */; };
		04C7667128C39971004D368B /* FinalViewController.swift in Sources */ = {isa = PBXBuildFile; fileRef = 04C7667028C39971004D368B /* FinalViewController.swift */; };
		04C7667328C3A848004D368B /* Question.swift in Sources */ = {isa = PBXBuildFile; fileRef = 04C7667228C3A848004D368B /* Question.swift */; };
		04C7667528C3A852004D368B /* Answer.swift in Sources */ = {isa = PBXBuildFile; fileRef = 04C7667428C3A852004D368B /* Answer.swift */; };
/* End PBXBuildFile section */

/* Begin PBXFileReference section */
		0492976528C3871B00C48D16 /* whoYouAmongAnimals.app */ = {isa = PBXFileReference; explicitFileType = wrapper.application; includeInIndex = 0; path = whoYouAmongAnimals.app; sourceTree = BUILT_PRODUCTS_DIR; };
		0492976828C3871B00C48D16 /* AppDelegate.swift */ = {isa = PBXFileReference; lastKnownFileType = sourcecode.swift; path = AppDelegate.swift; sourceTree = "<group>"; };
		0492976A28C3871B00C48D16 /* SceneDelegate.swift */ = {isa = PBXFileReference; lastKnownFileType = sourcecode.swift; path = SceneDelegate.swift; sourceTree = "<group>"; };
		0492976C28C3871B00C48D16 /* ViewController.swift */ = {isa = PBXFileReference; lastKnownFileType = sourcecode.swift; path = ViewController.swift; sourceTree = "<group>"; };
		0492976F28C3871B00C48D16 /* Base */ = {isa = PBXFileReference; lastKnownFileType = file.storyboard; name = Base; path = Base.lproj/Main.storyboard; sourceTree = "<group>"; };
		0492977128C3871F00C48D16 /* Assets.xcassets */ = {isa = PBXFileReference; lastKnownFileType = folder.assetcatalog; path = Assets.xcassets; sourceTree = "<group>"; };
		0492977428C3871F00C48D16 /* Base */ = {isa = PBXFileReference; lastKnownFileType = file.storyboard; name = Base; path = Base.lproj/LaunchScreen.storyboard; sourceTree = "<group>"; };
		0492977628C3871F00C48D16 /* Info.plist */ = {isa = PBXFileReference; lastKnownFileType = text.plist.xml; path = Info.plist; sourceTree = "<group>"; };
		04C7666E28C395DD004D368B /* QuestionViewContoller.swift */ = {isa = PBXFileReference; lastKnownFileType = sourcecode.swift; path = QuestionViewContoller.swift; sourceTree = "<group>"; };
		04C7667028C39971004D368B /* FinalViewController.swift */ = {isa = PBXFileReference; lastKnownFileType = sourcecode.swift; path = FinalViewController.swift; sourceTree = "<group>"; };
		04C7667228C3A848004D368B /* Question.swift */ = {isa = PBXFileReference; lastKnownFileType = sourcecode.swift; path = Question.swift; sourceTree = "<group>"; };
		04C7667428C3A852004D368B /* Answer.swift */ = {isa = PBXFileReference; lastKnownFileType = sourcecode.swift; path = Answer.swift; sourceTree = "<group>"; };
/* End PBXFileReference section */

/* Begin PBXFrameworksBuildPhase section */
		0492976228C3871B00C48D16 /* Frameworks */ = {
			isa = PBXFrameworksBuildPhase;
			buildActionMask = 2147483647;
			files = (
			);
			runOnlyForDeploymentPostprocessing = 0;
		};
/* End PBXFrameworksBuildPhase section */

/* Begin PBXGroup section */
		0492975C28C3871B00C48D16 = {
			isa = PBXGroup;
			children = (
				0492976728C3871B00C48D16 /* whoYouAmongAnimals */,
				0492976628C3871B00C48D16 /* Products */,
			);
			sourceTree = "<group>";
		};
		0492976628C3871B00C48D16 /* Products */ = {
			isa = PBXGroup;
			children = (
				0492976528C3871B00C48D16 /* whoYouAmongAnimals.app */,
			);
			name = Products;
			sourceTree = "<group>";
		};
		0492976728C3871B00C48D16 /* whoYouAmongAnimals */ = {
			isa = PBXGroup;
			children = (
				0492978028C38B2A00C48D16 /* Resources */,
				0492977F28C38AE300C48D16 /* Models */,
				0492977D28C389A500C48D16 /* Supporting files */,
				0492977E28C389E800C48D16 /* View Controllers */,
				0492977C28C388ED00C48D16 /* Storyboards */,
			);
			path = whoYouAmongAnimals;
			sourceTree = "<group>";
		};
		0492977C28C388ED00C48D16 /* Storyboards */ = {
			isa = PBXGroup;
			children = (
				0492976E28C3871B00C48D16 /* Main.storyboard */,
				0492977328C3871F00C48D16 /* LaunchScreen.storyboard */,
			);
			path = Storyboards;
			sourceTree = "<group>";
		};
		0492977D28C389A500C48D16 /* Supporting files */ = {
			isa = PBXGroup;
			children = (
				0492976828C3871B00C48D16 /* AppDelegate.swift */,
				0492976A28C3871B00C48D16 /* SceneDelegate.swift */,
				0492977628C3871F00C48D16 /* Info.plist */,
			);
			path = "Supporting files";
			sourceTree = "<group>";
		};
		0492977E28C389E800C48D16 /* View Controllers */ = {
			isa = PBXGroup;
			children = (
				0492976C28C3871B00C48D16 /* ViewController.swift */,
				04C7666E28C395DD004D368B /* QuestionViewContoller.swift */,
				04C7667028C39971004D368B /* FinalViewController.swift */,
			);
			path = "View Controllers";
			sourceTree = "<group>";
		};
		0492977F28C38AE300C48D16 /* Models */ = {
			isa = PBXGroup;
			children = (
				04C7667228C3A848004D368B /* Question.swift */,
				04C7667428C3A852004D368B /* Answer.swift */,
			);
			path = Models;
			sourceTree = "<group>";
		};
		0492978028C38B2A00C48D16 /* Resources */ = {
			isa = PBXGroup;
			children = (
				0492977128C3871F00C48D16 /* Assets.xcassets */,
			);
			path = Resources;
			sourceTree = "<group>";
		};
/* End PBXGroup section */

/* Begin PBXNativeTarget section */
		0492976428C3871B00C48D16 /* whoYouAmongAnimals */ = {
			isa = PBXNativeTarget;
			buildConfigurationList = 0492977928C3871F00C48D16 /* Build configuration list for PBXNativeTarget "whoYouAmongAnimals" */;
			buildPhases = (
				0492976128C3871B00C48D16 /* Sources */,
				0492976228C3871B00C48D16 /* Frameworks */,
				0492976328C3871B00C48D16 /* Resources */,
			);
			buildRules = (
			);
			dependencies = (
			);
			name = whoYouAmongAnimals;
			productName = whoYouAmongAnimals;
			productReference = 0492976528C3871B00C48D16 /* whoYouAmongAnimals.app */;
			productType = "com.apple.product-type.application";
		};
/* End PBXNativeTarget section */

/* Begin PBXProject section */
		0492975D28C3871B00C48D16 /* Project object */ = {
			isa = PBXProject;
			attributes = {
				BuildIndependentTargetsInParallel = 1;
				LastSwiftUpdateCheck = 1340;
				LastUpgradeCheck = 1340;
				TargetAttributes = {
					0492976428C3871B00C48D16 = {
						CreatedOnToolsVersion = 13.4.1;
					};
				};
			};
			buildConfigurationList = 0492976028C3871B00C48D16 /* Build configuration list for PBXProject "whoYouAmongAnimals" */;
			compatibilityVersion = "Xcode 13.0";
			developmentRegion = en;
			hasScannedForEncodings = 0;
			knownRegions = (
				en,
				Base,
			);
			mainGroup = 0492975C28C3871B00C48D16;
			productRefGroup = 0492976628C3871B00C48D16 /* Products */;
			projectDirPath = "";
			projectRoot = "";
			targets = (
				0492976428C3871B00C48D16 /* whoYouAmongAnimals */,
			);
		};
/* End PBXProject section */

/* Begin PBXResourcesBuildPhase section */
		0492976328C3871B00C48D16 /* Resources */ = {
			isa = PBXResourcesBuildPhase;
			buildActionMask = 2147483647;
			files = (
				0492977528C3871F00C48D16 /* LaunchScreen.storyboard in Resources */,
				0492977228C3871F00C48D16 /* Assets.xcassets in Resources */,
				0492977028C3871B00C48D16 /* Main.storyboard in Resources */,
			);
			runOnlyForDeploymentPostprocessing = 0;
		};
/* End PBXResourcesBuildPhase section */

/* Begin PBXSourcesBuildPhase section */
		0492976128C3871B00C48D16 /* Sources */ = {
			isa = PBXSourcesBuildPhase;
			buildActionMask = 2147483647;
			files = (
				04C7667128C39971004D368B /* FinalViewController.swift in Sources */,
				0492976D28C3871B00C48D16 /* ViewController.swift in Sources */,
				0492976928C3871B00C48D16 /* AppDelegate.swift in Sources */,
				04C7667528C3A852004D368B /* Answer.swift in Sources */,
				04C7667328C3A848004D368B /* Question.swift in Sources */,
				0492976B28C3871B00C48D16 /* SceneDelegate.swift in Sources */,
				04C7666F28C395DD004D368B /* QuestionViewContoller.swift in Sources */,
			);
			runOnlyForDeploymentPostprocessing = 0;
		};
/* End PBXSourcesBuildPhase section */

/* Begin PBXVariantGroup section */
		0492976E28C3871B00C48D16 /* Main.storyboard */ = {
			isa = PBXVariantGroup;
			children = (
				0492976F28C3871B00C48D16 /* Base */,
			);
			name = Main.storyboard;
			sourceTree = "<group>";
		};
		0492977328C3871F00C48D16 /* LaunchScreen.storyboard */ = {
			isa = PBXVariantGroup;
			children = (
				0492977428C3871F00C48D16 /* Base */,
			);
			name = LaunchScreen.storyboard;
			sourceTree = "<group>";
		};
/* End PBXVariantGroup section */

/* Begin XCBuildConfiguration section */
		0492977728C3871F00C48D16 /* Debug */ = {
			isa = XCBuildConfiguration;
			buildSettings = {
				ALWAYS_SEARCH_USER_PATHS = NO;
				CLANG_ANALYZER_NONNULL = YES;
				CLANG_ANALYZER_NUMBER_OBJECT_CONVERSION = YES_AGGRESSIVE;
				CLANG_CXX_LANGUAGE_STANDARD = "gnu++17";
				CLANG_ENABLE_MODULES = YES;
				CLANG_ENABLE_OBJC_ARC = YES;
				CLANG_ENABLE_OBJC_WEAK = YES;
				CLANG_WARN_BLOCK_CAPTURE_AUTORELEASING = YES;
				CLANG_WARN_BOOL_CONVERSION = YES;
				CLANG_WARN_COMMA = YES;
				CLANG_WARN_CONSTANT_CONVERSION = YES;
				CLANG_WARN_DEPRECATED_OBJC_IMPLEMENTATIONS = YES;
				CLANG_WARN_DIRECT_OBJC_ISA_USAGE = YES_ERROR;
				CLANG_WARN_DOCUMENTATION_COMMENTS = YES;
				CLANG_WARN_EMPTY_BODY = YES;
				CLANG_WARN_ENUM_CONVERSION = YES;
				CLANG_WARN_INFINITE_RECURSION = YES;
				CLANG_WARN_INT_CONVERSION = YES;
				CLANG_WARN_NON_LITERAL_NULL_CONVERSION = YES;
				CLANG_WARN_OBJC_IMPLICIT_RETAIN_SELF = YES;
				CLANG_WARN_OBJC_LITERAL_CONVERSION = YES;
				CLANG_WARN_OBJC_ROOT_CLASS = YES_ERROR;
				CLANG_WARN_QUOTED_INCLUDE_IN_FRAMEWORK_HEADER = YES;
				CLANG_WARN_RANGE_LOOP_ANALYSIS = YES;
				CLANG_WARN_STRICT_PROTOTYPES = YES;
				CLANG_WARN_SUSPICIOUS_MOVE = YES;
				CLANG_WARN_UNGUARDED_AVAILABILITY = YES_AGGRESSIVE;
				CLANG_WARN_UNREACHABLE_CODE = YES;
				CLANG_WARN__DUPLICATE_METHOD_MATCH = YES;
				COPY_PHASE_STRIP = NO;
				DEBUG_INFORMATION_FORMAT = dwarf;
				ENABLE_STRICT_OBJC_MSGSEND = YES;
				ENABLE_TESTABILITY = YES;
				GCC_C_LANGUAGE_STANDARD = gnu11;
				GCC_DYNAMIC_NO_PIC = NO;
				GCC_NO_COMMON_BLOCKS = YES;
				GCC_OPTIMIZATION_LEVEL = 0;
				GCC_PREPROCESSOR_DEFINITIONS = (
					"DEBUG=1",
					"$(inherited)",
				);
				GCC_WARN_64_TO_32_BIT_CONVERSION = YES;
				GCC_WARN_ABOUT_RETURN_TYPE = YES_ERROR;
				GCC_WARN_UNDECLARED_SELECTOR = YES;
				GCC_WARN_UNINITIALIZED_AUTOS = YES_AGGRESSIVE;
				GCC_WARN_UNUSED_FUNCTION = YES;
				GCC_WARN_UNUSED_VARIABLE = YES;
				IPHONEOS_DEPLOYMENT_TARGET = 15.5;
				MTL_ENABLE_DEBUG_INFO = INCLUDE_SOURCE;
				MTL_FAST_MATH = YES;
				ONLY_ACTIVE_ARCH = YES;
				SDKROOT = iphoneos;
				SWIFT_ACTIVE_COMPILATION_CONDITIONS = DEBUG;
				SWIFT_OPTIMIZATION_LEVEL = "-Onone";
			};
			name = Debug;
		};
		0492977828C3871F00C48D16 /* Release */ = {
			isa = XCBuildConfiguration;
			buildSettings = {
				ALWAYS_SEARCH_USER_PATHS = NO;
				CLANG_ANALYZER_NONNULL = YES;
				CLANG_ANALYZER_NUMBER_OBJECT_CONVERSION = YES_AGGRESSIVE;
				CLANG_CXX_LANGUAGE_STANDARD = "gnu++17";
				CLANG_ENABLE_MODULES = YES;
				CLANG_ENABLE_OBJC_ARC = YES;
				CLANG_ENABLE_OBJC_WEAK = YES;
				CLANG_WARN_BLOCK_CAPTURE_AUTORELEASING = YES;
				CLANG_WARN_BOOL_CONVERSION = YES;
				CLANG_WARN_COMMA = YES;
				CLANG_WARN_CONSTANT_CONVERSION = YES;
				CLANG_WARN_DEPRECATED_OBJC_IMPLEMENTATIONS = YES;
				CLANG_WARN_DIRECT_OBJC_ISA_USAGE = YES_ERROR;
				CLANG_WARN_DOCUMENTATION_COMMENTS = YES;
				CLANG_WARN_EMPTY_BODY = YES;
				CLANG_WARN_ENUM_CONVERSION = YES;
				CLANG_WARN_INFINITE_RECURSION = YES;
				CLANG_WARN_INT_CONVERSION = YES;
				CLANG_WARN_NON_LITERAL_NULL_CONVERSION = YES;
				CLANG_WARN_OBJC_IMPLICIT_RETAIN_SELF = YES;
				CLANG_WARN_OBJC_LITERAL_CONVERSION = YES;
				CLANG_WARN_OBJC_ROOT_CLASS = YES_ERROR;
				CLANG_WARN_QUOTED_INCLUDE_IN_FRAMEWORK_HEADER = YES;
				CLANG_WARN_RANGE_LOOP_ANALYSIS = YES;
				CLANG_WARN_STRICT_PROTOTYPES = YES;
				CLANG_WARN_SUSPICIOUS_MOVE = YES;
				CLANG_WARN_UNGUARDED_AVAILABILITY = YES_AGGRESSIVE;
				CLANG_WARN_UNREACHABLE_CODE = YES;
				CLANG_WARN__DUPLICATE_METHOD_MATCH = YES;
				COPY_PHASE_STRIP = NO;
				DEBUG_INFORMATION_FORMAT = "dwarf-with-dsym";
				ENABLE_NS_ASSERTIONS = NO;
				ENABLE_STRICT_OBJC_MSGSEND = YES;
				GCC_C_LANGUAGE_STANDARD = gnu11;
				GCC_NO_COMMON_BLOCKS = YES;
				GCC_WARN_64_TO_32_BIT_CONVERSION = YES;
				GCC_WARN_ABOUT_RETURN_TYPE = YES_ERROR;
				GCC_WARN_UNDECLARED_SELECTOR = YES;
				GCC_WARN_UNINITIALIZED_AUTOS = YES_AGGRESSIVE;
				GCC_WARN_UNUSED_FUNCTION = YES;
				GCC_WARN_UNUSED_VARIABLE = YES;
				IPHONEOS_DEPLOYMENT_TARGET = 15.5;
				MTL_ENABLE_DEBUG_INFO = NO;
				MTL_FAST_MATH = YES;
				SDKROOT = iphoneos;
				SWIFT_COMPILATION_MODE = wholemodule;
				SWIFT_OPTIMIZATION_LEVEL = "-O";
				VALIDATE_PRODUCT = YES;
			};
			name = Release;
		};
		0492977A28C3871F00C48D16 /* Debug */ = {
			isa = XCBuildConfiguration;
			buildSettings = {
				ASSETCATALOG_COMPILER_APPICON_NAME = AppIcon;
				ASSETCATALOG_COMPILER_GLOBAL_ACCENT_COLOR_NAME = AccentColor;
				CODE_SIGN_STYLE = Automatic;
				CURRENT_PROJECT_VERSION = 1;
				DEVELOPMENT_TEAM = S6UYXRAB43;
				GENERATE_INFOPLIST_FILE = YES;
				INFOPLIST_FILE = "whoYouAmongAnimals/Supporting files/Info.plist";
				INFOPLIST_KEY_UIApplicationSupportsIndirectInputEvents = YES;
				INFOPLIST_KEY_UILaunchStoryboardName = LaunchScreen;
				INFOPLIST_KEY_UIMainStoryboardFile = Main;
				INFOPLIST_KEY_UISupportedInterfaceOrientations_iPad = "UIInterfaceOrientationPortrait UIInterfaceOrientationPortraitUpsideDown UIInterfaceOrientationLandscapeLeft UIInterfaceOrientationLandscapeRight";
				INFOPLIST_KEY_UISupportedInterfaceOrientations_iPhone = "UIInterfaceOrientationPortrait UIInterfaceOrientationLandscapeLeft UIInterfaceOrientationLandscapeRight";
				IPHONEOS_DEPLOYMENT_TARGET = 14.0;
				LD_RUNPATH_SEARCH_PATHS = (
					"$(inherited)",
					"@executable_path/Frameworks",
				);
				MARKETING_VERSION = 1.0;
				PRODUCT_BUNDLE_IDENTIFIER = NGU.whoYouAmongAnimals;
				PRODUCT_NAME = "$(TARGET_NAME)";
				SWIFT_EMIT_LOC_STRINGS = YES;
				SWIFT_VERSION = 5.0;
				TARGETED_DEVICE_FAMILY = 1;
			};
			name = Debug;
		};
		0492977B28C3871F00C48D16 /* Release */ = {
			isa = XCBuildConfiguration;
			buildSettings = {
				ASSETCATALOG_COMPILER_APPICON_NAME = AppIcon;
				ASSETCATALOG_COMPILER_GLOBAL_ACCENT_COLOR_NAME = AccentColor;
				CODE_SIGN_STYLE = Automatic;
				CURRENT_PROJECT_VERSION = 1;
				DEVELOPMENT_TEAM = S6UYXRAB43;
				GENERATE_INFOPLIST_FILE = YES;
				INFOPLIST_FILE = "whoYouAmongAnimals/Supporting files/Info.plist";
				INFOPLIST_KEY_UIApplicationSupportsIndirectInputEvents = YES;
				INFOPLIST_KEY_UILaunchStoryboardName = LaunchScreen;
				INFOPLIST_KEY_UIMainStoryboardFile = Main;
				INFOPLIST_KEY_UISupportedInterfaceOrientations_iPad = "UIInterfaceOrientationPortrait UIInterfaceOrientationPortraitUpsideDown UIInterfaceOrientationLandscapeLeft UIInterfaceOrientationLandscapeRight";
				INFOPLIST_KEY_UISupportedInterfaceOrientations_iPhone = "UIInterfaceOrientationPortrait UIInterfaceOrientationLandscapeLeft UIInterfaceOrientationLandscapeRight";
				IPHONEOS_DEPLOYMENT_TARGET = 14.0;
				LD_RUNPATH_SEARCH_PATHS = (
					"$(inherited)",
					"@executable_path/Frameworks",
				);
				MARKETING_VERSION = 1.0;
				PRODUCT_BUNDLE_IDENTIFIER = NGU.whoYouAmongAnimals;
				PRODUCT_NAME = "$(TARGET_NAME)";
				SWIFT_EMIT_LOC_STRINGS = YES;
				SWIFT_VERSION = 5.0;
				TARGETED_DEVICE_FAMILY = 1;
			};
			name = Release;
		};
/* End XCBuildConfiguration section */

/* Begin XCConfigurationList section */
		0492976028C3871B00C48D16 /* Build configuration list for PBXProject "whoYouAmongAnimals" */ = {
			isa = XCConfigurationList;
			buildConfigurations = (
				0492977728C3871F00C48D16 /* Debug */,
				0492977828C3871F00C48D16 /* Release */,
			);
			defaultConfigurationIsVisible = 0;
			defaultConfigurationName = Release;
		};
		0492977928C3871F00C48D16 /* Build configuration list for PBXNativeTarget "whoYouAmongAnimals" */ = {
			isa = XCConfigurationList;
			buildConfigurations = (
				0492977A28C3871F00C48D16 /* Debug */,
				0492977B28C3871F00C48D16 /* Release */,
			);
			defaultConfigurationIsVisible = 0;
			defaultConfigurationName = Release;
		};
/* End XCConfigurationList section */
	};
	rootObject = 0492975D28C3871B00C48D16 /* Project object */;
}
